
Microsoft Visual Studio Solution File, Format Version 12.00
# Visual Studio Version 17
VisualStudioVersion = 17.3.32825.248
MinimumVisualStudioVersion = 10.0.40219.1
Project("{9A19103F-16F7-4668-BE54-9A1E7A4F7556}") = "Blazor.TSRuntime", "Blazor.TSRuntime\Blazor.TSRuntime.csproj", "{5232C07F-CC04-466C-894D-7A8DFEE8DC99}"
EndProject
Project("{9A19103F-16F7-4668-BE54-9A1E7A4F7556}") = "Blazor.TSRuntime.Tests", "Blazor.TSRuntime.Tests\Blazor.TSRuntime.Tests.csproj", "{E0EDDD64-E4E9-4C56-9ED6-E66B3223CE47}"
EndProject
Global
	GlobalSection(SolutionConfigurationPlatforms) = preSolution
		Debug|Any CPU = Debug|Any CPU
		Release|Any CPU = Release|Any CPU
	EndGlobalSection
	GlobalSection(ProjectConfigurationPlatforms) = postSolution
		{5232C07F-CC04-466C-894D-7A8DFEE8DC99}.Debug|Any CPU.ActiveCfg = Debug|Any CPU
		{5232C07F-CC04-466C-894D-7A8DFEE8DC99}.Debug|Any CPU.Build.0 = Debug|Any CPU
		{5232C07F-CC04-466C-894D-7A8DFEE8DC99}.Release|Any CPU.ActiveCfg = Release|Any CPU
		{5232C07F-CC04-466C-894D-7A8DFEE8DC99}.Release|Any CPU.Build.0 = Release|Any CPU
		{E0EDDD64-E4E9-4C56-9ED6-E66B3223CE47}.Debug|Any CPU.ActiveCfg = Debug|Any CPU
		{E0EDDD64-E4E9-4C56-9ED6-E66B3223CE47}.Debug|Any CPU.Build.0 = Debug|Any CPU
		{E0EDDD64-E4E9-4C56-9ED6-E66B3223CE47}.Release|Any CPU.ActiveCfg = Release|Any CPU
		{E0EDDD64-E4E9-4C56-9ED6-E66B3223CE47}.Release|Any CPU.Build.0 = Release|Any CPU
	EndGlobalSection
	GlobalSection(SolutionProperties) = preSolution
		HideSolutionNode = FALSE
	EndGlobalSection
	GlobalSection(ExtensibilityGlobals) = postSolution
		SolutionGuid = {6F4CF4CC-F0F8-4702-8F39-B56CA5CFB3FC}
	EndGlobalSection
EndGlobal
