
Microsoft Visual Studio Solution File, Format Version 12.00
# Visual Studio Version 17
VisualStudioVersion = 17.3.32825.248
MinimumVisualStudioVersion = 10.0.40219.1
Project("{9A19103F-16F7-4668-BE54-9A1E7A4F7556}") = "TSRuntime.Core", "TSRuntime.Core\src\TSRuntime.Core.csproj", "{5232C07F-CC04-466C-894D-7A8DFEE8DC99}"
EndProject
Project("{9A19103F-16F7-4668-BE54-9A1E7A4F7556}") = "TSRuntime.Generation", "TSRuntime.Core\TSRuntime.Generation\src\TSRuntime.Generation.csproj", "{E3D79056-83DE-4530-BE2F-1D891DB8FD24}"
EndProject
Project("{FAE04EC0-301F-11D3-BF4B-00C04F79EFBC}") = "TSRuntime.Generation.Tests", "TSRuntime.Core\TSRuntime.Generation\tests\TSRuntime.Generation.Tests.csproj", "{EA393AAB-33C7-4AED-AF11-6D13EE8F86AE}"
EndProject
Project("{9A19103F-16F7-4668-BE54-9A1E7A4F7556}") = "TSRuntime.ConsoleApp", "TSRuntime.ConsoleApp\TSRuntime.ConsoleApp.csproj", "{DB19D891-031B-472D-852E-2B2145DF2DB0}"
EndProject
Project("{2150E333-8FDC-42A3-9474-1A3956D46DE8}") = "core", "core", "{5476F805-2EDA-4B2C-BA22-06EE488D64B4}"
EndProject
Project("{2150E333-8FDC-42A3-9474-1A3956D46DE8}") = "src", "src", "{04D369B7-7CB5-4556-9C70-6F2FD5E63AA1}"
EndProject
Project("{2150E333-8FDC-42A3-9474-1A3956D46DE8}") = "tests", "tests", "{B68531F5-9556-43DF-AA15-44E791BCE1AA}"
EndProject
Project("{2150E333-8FDC-42A3-9474-1A3956D46DE8}") = "generation", "generation", "{1A9CCF64-4BC7-4054-87BC-9D62DD6164DC}"
EndProject
Project("{2150E333-8FDC-42A3-9474-1A3956D46DE8}") = "src", "src", "{C83B870D-F988-4470-9ED1-A987CECF9012}"
EndProject
Project("{2150E333-8FDC-42A3-9474-1A3956D46DE8}") = "tests", "tests", "{EF1D1618-36F8-4BBE-9232-F792E99AC15D}"
EndProject
Project("{2150E333-8FDC-42A3-9474-1A3956D46DE8}") = "consoleApp", "consoleApp", "{EC2A9DFB-07AC-4996-8B1D-C223EE30D752}"
EndProject
Global
	GlobalSection(SolutionConfigurationPlatforms) = preSolution
		Debug|Any CPU = Debug|Any CPU
		Release|Any CPU = Release|Any CPU
	EndGlobalSection
	GlobalSection(ProjectConfigurationPlatforms) = postSolution
		{5232C07F-CC04-466C-894D-7A8DFEE8DC99}.Debug|Any CPU.ActiveCfg = Debug|Any CPU
		{5232C07F-CC04-466C-894D-7A8DFEE8DC99}.Debug|Any CPU.Build.0 = Debug|Any CPU
		{5232C07F-CC04-466C-894D-7A8DFEE8DC99}.Release|Any CPU.ActiveCfg = Release|Any CPU
		{5232C07F-CC04-466C-894D-7A8DFEE8DC99}.Release|Any CPU.Build.0 = Release|Any CPU
		{E3D79056-83DE-4530-BE2F-1D891DB8FD24}.Debug|Any CPU.ActiveCfg = Debug|Any CPU
		{E3D79056-83DE-4530-BE2F-1D891DB8FD24}.Debug|Any CPU.Build.0 = Debug|Any CPU
		{E3D79056-83DE-4530-BE2F-1D891DB8FD24}.Release|Any CPU.ActiveCfg = Release|Any CPU
		{E3D79056-83DE-4530-BE2F-1D891DB8FD24}.Release|Any CPU.Build.0 = Release|Any CPU
		{DB19D891-031B-472D-852E-2B2145DF2DB0}.Debug|Any CPU.ActiveCfg = Debug|Any CPU
		{DB19D891-031B-472D-852E-2B2145DF2DB0}.Debug|Any CPU.Build.0 = Debug|Any CPU
		{DB19D891-031B-472D-852E-2B2145DF2DB0}.Release|Any CPU.ActiveCfg = Release|Any CPU
		{DB19D891-031B-472D-852E-2B2145DF2DB0}.Release|Any CPU.Build.0 = Release|Any CPU
		{EA393AAB-33C7-4AED-AF11-6D13EE8F86AE}.Debug|Any CPU.ActiveCfg = Debug|Any CPU
		{EA393AAB-33C7-4AED-AF11-6D13EE8F86AE}.Debug|Any CPU.Build.0 = Debug|Any CPU
		{EA393AAB-33C7-4AED-AF11-6D13EE8F86AE}.Release|Any CPU.ActiveCfg = Release|Any CPU
		{EA393AAB-33C7-4AED-AF11-6D13EE8F86AE}.Release|Any CPU.Build.0 = Release|Any CPU
	EndGlobalSection
	GlobalSection(SolutionProperties) = preSolution
		HideSolutionNode = FALSE
	EndGlobalSection
	GlobalSection(NestedProjects) = preSolution
		{5232C07F-CC04-466C-894D-7A8DFEE8DC99} = {04D369B7-7CB5-4556-9C70-6F2FD5E63AA1}
		{E3D79056-83DE-4530-BE2F-1D891DB8FD24} = {C83B870D-F988-4470-9ED1-A987CECF9012}
		{DB19D891-031B-472D-852E-2B2145DF2DB0} = {EC2A9DFB-07AC-4996-8B1D-C223EE30D752}
		{04D369B7-7CB5-4556-9C70-6F2FD5E63AA1} = {5476F805-2EDA-4B2C-BA22-06EE488D64B4}
		{B68531F5-9556-43DF-AA15-44E791BCE1AA} = {5476F805-2EDA-4B2C-BA22-06EE488D64B4}
		{1A9CCF64-4BC7-4054-87BC-9D62DD6164DC} = {5476F805-2EDA-4B2C-BA22-06EE488D64B4}
		{C83B870D-F988-4470-9ED1-A987CECF9012} = {1A9CCF64-4BC7-4054-87BC-9D62DD6164DC}
		{EF1D1618-36F8-4BBE-9232-F792E99AC15D} = {1A9CCF64-4BC7-4054-87BC-9D62DD6164DC}
		{EA393AAB-33C7-4AED-AF11-6D13EE8F86AE} = {EF1D1618-36F8-4BBE-9232-F792E99AC15D}
	EndGlobalSection
	GlobalSection(ExtensibilityGlobals) = postSolution
		SolutionGuid = {6F4CF4CC-F0F8-4702-8F39-B56CA5CFB3FC}
	EndGlobalSection
EndGlobal
